// !$*UTF8*$!
{
	archiveVersion = 1;
	classes = {
	};
	objectVersion = 56;
	objects = {

/* Begin PBXBuildFile section */
		2291776A625B98966AAD0B52 /* Pods_TMDBRxMVVM.framework in Frameworks */ = {isa = PBXBuildFile; fileRef = 0D1FBC44C97C5EA75FDE0522 /* Pods_TMDBRxMVVM.framework */; };
		3A82B8065A100874B24FD738 /* Pods_TMDBRxMVVM_TMDBRxMVVMUITests.framework in Frameworks */ = {isa = PBXBuildFile; fileRef = DFEF64867BCF3257E6F5C5ED /* Pods_TMDBRxMVVM_TMDBRxMVVMUITests.framework */; };
		3D374BE42C48F8A700BCD931 /* R.generated.swift in Sources */ = {isa = PBXBuildFile; fileRef = 3D374BE32C48F8A700BCD931 /* R.generated.swift */; };
		3D374BEA2C4900D600BCD931 /* TRMSettingCell.swift in Sources */ = {isa = PBXBuildFile; fileRef = 3D374BE92C4900D600BCD931 /* TRMSettingCell.swift */; };
		3D374BF02C49084400BCD931 /* TRMLanguageVC.swift in Sources */ = {isa = PBXBuildFile; fileRef = 3D374BEF2C49084400BCD931 /* TRMLanguageVC.swift */; };
		3D374BF22C49084E00BCD931 /* TRMLanguageVM.swift in Sources */ = {isa = PBXBuildFile; fileRef = 3D374BF12C49084E00BCD931 /* TRMLanguageVM.swift */; };
		3D374BF52C491E2F00BCD931 /* Localizable.strings in Resources */ = {isa = PBXBuildFile; fileRef = 3D374BF32C491E2F00BCD931 /* Localizable.strings */; };
		3D374BF82C49211700BCD931 /* CommonExtension.swift in Sources */ = {isa = PBXBuildFile; fileRef = 3D374BF72C49211700BCD931 /* CommonExtension.swift */; };
		3D374BFD2C493B4200BCD931 /* TRMLanguageModel.swift in Sources */ = {isa = PBXBuildFile; fileRef = 3D374BFC2C493B4200BCD931 /* TRMLanguageModel.swift */; };
		3D374C162C4A3A1500BCD931 /* TRMLanguageCell.swift in Sources */ = {isa = PBXBuildFile; fileRef = 3D374C152C4A3A1500BCD931 /* TRMLanguageCell.swift */; };
		3D374C182C4A567900BCD931 /* TRMHomeListCell.swift in Sources */ = {isa = PBXBuildFile; fileRef = 3D374C172C4A567900BCD931 /* TRMHomeListCell.swift */; };
		3D374C1A2C4A5DBF00BCD931 /* TRMMovieListRsp.swift in Sources */ = {isa = PBXBuildFile; fileRef = 3D374C192C4A5DBF00BCD931 /* TRMMovieListRsp.swift */; };
		3D374C1C2C4A77C800BCD931 /* TRMHomeSection.swift in Sources */ = {isa = PBXBuildFile; fileRef = 3D374C1B2C4A77C800BCD931 /* TRMHomeSection.swift */; };
		3D374C4E2C4E820F00BCD931 /* TRMHomeListItemCell.swift in Sources */ = {isa = PBXBuildFile; fileRef = 3D374C4D2C4E820F00BCD931 /* TRMHomeListItemCell.swift */; };
		3D374C792C4FB88200BCD931 /* TRMHomeSectionView.swift in Sources */ = {isa = PBXBuildFile; fileRef = 3D374C782C4FB88200BCD931 /* TRMHomeSectionView.swift */; };
		3D374C852C50A5A900BCD931 /* TRMTVListRsp.swift in Sources */ = {isa = PBXBuildFile; fileRef = 3D374C842C50A5A800BCD931 /* TRMTVListRsp.swift */; };
		3D374C8C2C50D15500BCD931 /* TRMHomeSegmentSectionView.swift in Sources */ = {isa = PBXBuildFile; fileRef = 3D374C8B2C50D15500BCD931 /* TRMHomeSegmentSectionView.swift */; };
		3D374CA12C50EAB400BCD931 /* TRMTabsVC.swift in Sources */ = {isa = PBXBuildFile; fileRef = 3D374C9C2C50EAB400BCD931 /* TRMTabsVC.swift */; };
		3D374CA22C50EAB400BCD931 /* TRMTabsVM.swift in Sources */ = {isa = PBXBuildFile; fileRef = 3D374C9E2C50EAB400BCD931 /* TRMTabsVM.swift */; };
		3D374CA92C50EB7B00BCD931 /* TRMMovieDetailVC.swift in Sources */ = {isa = PBXBuildFile; fileRef = 3D374CA82C50EB7B00BCD931 /* TRMMovieDetailVC.swift */; };
		3D79EC502C2EC0D100CEA938 /* TMDBRxMVVMTests.swift in Sources */ = {isa = PBXBuildFile; fileRef = 3D79EC4F2C2EC0D100CEA938 /* TMDBRxMVVMTests.swift */; };
		3D79EC5A2C2EC0D100CEA938 /* TMDBRxMVVMUITests.swift in Sources */ = {isa = PBXBuildFile; fileRef = 3D79EC592C2EC0D100CEA938 /* TMDBRxMVVMUITests.swift */; };
		3D79EC5C2C2EC0D100CEA938 /* TMDBRxMVVMUITestsLaunchTests.swift in Sources */ = {isa = PBXBuildFile; fileRef = 3D79EC5B2C2EC0D100CEA938 /* TMDBRxMVVMUITestsLaunchTests.swift */; };
		3D79EC8A2C2EC10500CEA938 /* ViewModelType.swift in Sources */ = {isa = PBXBuildFile; fileRef = 3D79EC682C2EC10500CEA938 /* ViewModelType.swift */; };
		3D79EC8C2C2EC10500CEA938 /* AppDelegate.swift in Sources */ = {isa = PBXBuildFile; fileRef = 3D79EC6B2C2EC10500CEA938 /* AppDelegate.swift */; };
		3D79EC8F2C2EC10500CEA938 /* TRMAccountVC.swift in Sources */ = {isa = PBXBuildFile; fileRef = 3D79EC6F2C2EC10500CEA938 /* TRMAccountVC.swift */; };
		3D79EC902C2EC10500CEA938 /* TRMAccountVM.swift in Sources */ = {isa = PBXBuildFile; fileRef = 3D79EC712C2EC10500CEA938 /* TRMAccountVM.swift */; };
		3D79EC912C2EC10500CEA938 /* TRMDiscoverVC.swift in Sources */ = {isa = PBXBuildFile; fileRef = 3D79EC742C2EC10500CEA938 /* TRMDiscoverVC.swift */; };
		3D79EC922C2EC10500CEA938 /* TRMDiscoverVM.swift in Sources */ = {isa = PBXBuildFile; fileRef = 3D79EC772C2EC10500CEA938 /* TRMDiscoverVM.swift */; };
		3D79EC932C2EC10500CEA938 /* TRMHomeVC.swift in Sources */ = {isa = PBXBuildFile; fileRef = 3D79EC7A2C2EC10500CEA938 /* TRMHomeVC.swift */; };
		3D79EC942C2EC10500CEA938 /* TRMHomeVM.swift in Sources */ = {isa = PBXBuildFile; fileRef = 3D79EC7C2C2EC10500CEA938 /* TRMHomeVM.swift */; };
		3D79EC952C2EC10500CEA938 /* TRMSearchVC.swift in Sources */ = {isa = PBXBuildFile; fileRef = 3D79EC7F2C2EC10500CEA938 /* TRMSearchVC.swift */; };
		3D79EC962C2EC10500CEA938 /* TRMSearchVM.swift in Sources */ = {isa = PBXBuildFile; fileRef = 3D79EC812C2EC10500CEA938 /* TRMSearchVM.swift */; };
		3D84DFB02C44C9220084CF05 /* Assets.xcassets in Resources */ = {isa = PBXBuildFile; fileRef = 3D79EC412C2EC0D100CEA938 /* Assets.xcassets */; };
		3D84DFCC2C44FB7C0084CF05 /* ActivityIndicator.swift in Sources */ = {isa = PBXBuildFile; fileRef = 3D84DFC72C44FB7C0084CF05 /* ActivityIndicator.swift */; };
		3D84DFCD2C44FB7C0084CF05 /* ErrorTracker.swift in Sources */ = {isa = PBXBuildFile; fileRef = 3D84DFC92C44FB7C0084CF05 /* ErrorTracker.swift */; };
		3D84DFCF2C44FE530084CF05 /* TRMTmdbNetwork.swift in Sources */ = {isa = PBXBuildFile; fileRef = 3D84DFCE2C44FE530084CF05 /* TRMTmdbNetwork.swift */; };
		3D84DFD22C4506C70084CF05 /* BaseTableViewCell.swift in Sources */ = {isa = PBXBuildFile; fileRef = 3D84DFD12C4506C70084CF05 /* BaseTableViewCell.swift */; };
		3D84DFD42C450AD40084CF05 /* TRMCarouselCell.swift in Sources */ = {isa = PBXBuildFile; fileRef = 3D84DFD32C450AD40084CF05 /* TRMCarouselCell.swift */; };
		3D84DFD62C4513FF0084CF05 /* TRMCarouselItemCell.swift in Sources */ = {isa = PBXBuildFile; fileRef = 3D84DFD52C4513FF0084CF05 /* TRMCarouselItemCell.swift */; };
		3D84DFD82C45140F0084CF05 /* BaseCollectionViewCell.swift in Sources */ = {isa = PBXBuildFile; fileRef = 3D84DFD72C45140F0084CF05 /* BaseCollectionViewCell.swift */; };
		3DA1AEAD2C3562DD00CBF933 /* TRMTmdbApi.swift in Sources */ = {isa = PBXBuildFile; fileRef = 3DA1AEAC2C3562DD00CBF933 /* TRMTmdbApi.swift */; };
		3DA1AEAF2C35640700CBF933 /* TRMConfig.swift in Sources */ = {isa = PBXBuildFile; fileRef = 3DA1AEAE2C35640700CBF933 /* TRMConfig.swift */; };
		3DA1AEB32C364E8100CBF933 /* TRMTrendindRsp.swift in Sources */ = {isa = PBXBuildFile; fileRef = 3DA1AEB22C364E8100CBF933 /* TRMTrendindRsp.swift */; };
		3DA40D452C3BFEEF001B6C55 /* APIServiceType.swift in Sources */ = {isa = PBXBuildFile; fileRef = 3DA40D442C3BFEEF001B6C55 /* APIServiceType.swift */; };
		3DA40D472C3BFFA9001B6C55 /* NetworkingService.swift in Sources */ = {isa = PBXBuildFile; fileRef = 3DA40D462C3BFFA9001B6C55 /* NetworkingService.swift */; };
		3DA40D492C3C06ED001B6C55 /* ReachabilityManager.swift in Sources */ = {isa = PBXBuildFile; fileRef = 3DA40D482C3C06ED001B6C55 /* ReachabilityManager.swift */; };
		3DA40D5F2C3E3481001B6C55 /* AppNavigator.swift in Sources */ = {isa = PBXBuildFile; fileRef = 3DA40D5E2C3E3481001B6C55 /* AppNavigator.swift */; };
		3DA40D612C3E8648001B6C55 /* SceneDelegate.swift in Sources */ = {isa = PBXBuildFile; fileRef = 3DA40D602C3E8648001B6C55 /* SceneDelegate.swift */; };
		3DE90F4F2C32494700A7CB70 /* BaseViewController.swift in Sources */ = {isa = PBXBuildFile; fileRef = 3DE90F4E2C32494700A7CB70 /* BaseViewController.swift */; };
		CB249B54E3167A3A13D05AF6 /* Pods_TMDBRxMVVMTests.framework in Frameworks */ = {isa = PBXBuildFile; fileRef = 329DC99F252D79FBFFA91E41 /* Pods_TMDBRxMVVMTests.framework */; };
/* End PBXBuildFile section */

/* Begin PBXContainerItemProxy section */
		3D79EC4C2C2EC0D100CEA938 /* PBXContainerItemProxy */ = {
			isa = PBXContainerItemProxy;
			containerPortal = 3D79EC2D2C2EC0CF00CEA938 /* Project object */;
			proxyType = 1;
			remoteGlobalIDString = 3D79EC342C2EC0CF00CEA938;
			remoteInfo = TMDBRxMVVM;
		};
		3D79EC562C2EC0D100CEA938 /* PBXContainerItemProxy */ = {
			isa = PBXContainerItemProxy;
			containerPortal = 3D79EC2D2C2EC0CF00CEA938 /* Project object */;
			proxyType = 1;
			remoteGlobalIDString = 3D79EC342C2EC0CF00CEA938;
			remoteInfo = TMDBRxMVVM;
		};
/* End PBXContainerItemProxy section */

/* Begin PBXFileReference section */
		00869FEE3B19296552330BE6 /* Pods-TMDBRxMVVMTests.release.xcconfig */ = {isa = PBXFileReference; includeInIndex = 1; lastKnownFileType = text.xcconfig; name = "Pods-TMDBRxMVVMTests.release.xcconfig"; path = "Target Support Files/Pods-TMDBRxMVVMTests/Pods-TMDBRxMVVMTests.release.xcconfig"; sourceTree = "<group>"; };
		0D1FBC44C97C5EA75FDE0522 /* Pods_TMDBRxMVVM.framework */ = {isa = PBXFileReference; explicitFileType = wrapper.framework; includeInIndex = 0; path = Pods_TMDBRxMVVM.framework; sourceTree = BUILT_PRODUCTS_DIR; };
		253564EED5044FD7593EF104 /* Pods-TMDBRxMVVM.debug.xcconfig */ = {isa = PBXFileReference; includeInIndex = 1; lastKnownFileType = text.xcconfig; name = "Pods-TMDBRxMVVM.debug.xcconfig"; path = "Target Support Files/Pods-TMDBRxMVVM/Pods-TMDBRxMVVM.debug.xcconfig"; sourceTree = "<group>"; };
		27A91E9F81072BA56D6A4F95 /* Pods-TMDBRxMVVMTests.debug.xcconfig */ = {isa = PBXFileReference; includeInIndex = 1; lastKnownFileType = text.xcconfig; name = "Pods-TMDBRxMVVMTests.debug.xcconfig"; path = "Target Support Files/Pods-TMDBRxMVVMTests/Pods-TMDBRxMVVMTests.debug.xcconfig"; sourceTree = "<group>"; };
		329DC99F252D79FBFFA91E41 /* Pods_TMDBRxMVVMTests.framework */ = {isa = PBXFileReference; explicitFileType = wrapper.framework; includeInIndex = 0; path = Pods_TMDBRxMVVMTests.framework; sourceTree = BUILT_PRODUCTS_DIR; };
		36BB86279EF6FEA2B4C0725F /* Pods-TMDBRxMVVM.release.xcconfig */ = {isa = PBXFileReference; includeInIndex = 1; lastKnownFileType = text.xcconfig; name = "Pods-TMDBRxMVVM.release.xcconfig"; path = "Target Support Files/Pods-TMDBRxMVVM/Pods-TMDBRxMVVM.release.xcconfig"; sourceTree = "<group>"; };
		3D374BE32C48F8A700BCD931 /* R.generated.swift */ = {isa = PBXFileReference; fileEncoding = 4; lastKnownFileType = sourcecode.swift; path = R.generated.swift; sourceTree = SOURCE_ROOT; };
		3D374BE92C4900D600BCD931 /* TRMSettingCell.swift */ = {isa = PBXFileReference; lastKnownFileType = sourcecode.swift; path = TRMSettingCell.swift; sourceTree = "<group>"; };
		3D374BEF2C49084400BCD931 /* TRMLanguageVC.swift */ = {isa = PBXFileReference; lastKnownFileType = sourcecode.swift; path = TRMLanguageVC.swift; sourceTree = "<group>"; };
		3D374BF12C49084E00BCD931 /* TRMLanguageVM.swift */ = {isa = PBXFileReference; lastKnownFileType = sourcecode.swift; path = TRMLanguageVM.swift; sourceTree = "<group>"; };
		3D374BF42C491E2F00BCD931 /* en */ = {isa = PBXFileReference; lastKnownFileType = text.plist.strings; name = en; path = en.lproj/Localizable.strings; sourceTree = "<group>"; };
		3D374BF62C491E8600BCD931 /* zh-Hans */ = {isa = PBXFileReference; lastKnownFileType = text.plist.strings; name = "zh-Hans"; path = "zh-Hans.lproj/Localizable.strings"; sourceTree = "<group>"; };
		3D374BF72C49211700BCD931 /* CommonExtension.swift */ = {isa = PBXFileReference; lastKnownFileType = sourcecode.swift; path = CommonExtension.swift; sourceTree = "<group>"; };
		3D374BFC2C493B4200BCD931 /* TRMLanguageModel.swift */ = {isa = PBXFileReference; lastKnownFileType = sourcecode.swift; path = TRMLanguageModel.swift; sourceTree = "<group>"; };
		3D374C152C4A3A1500BCD931 /* TRMLanguageCell.swift */ = {isa = PBXFileReference; lastKnownFileType = sourcecode.swift; path = TRMLanguageCell.swift; sourceTree = "<group>"; };
		3D374C172C4A567900BCD931 /* TRMHomeListCell.swift */ = {isa = PBXFileReference; lastKnownFileType = sourcecode.swift; path = TRMHomeListCell.swift; sourceTree = "<group>"; };
		3D374C192C4A5DBF00BCD931 /* TRMMovieListRsp.swift */ = {isa = PBXFileReference; lastKnownFileType = sourcecode.swift; path = TRMMovieListRsp.swift; sourceTree = "<group>"; };
		3D374C1B2C4A77C800BCD931 /* TRMHomeSection.swift */ = {isa = PBXFileReference; lastKnownFileType = sourcecode.swift; path = TRMHomeSection.swift; sourceTree = "<group>"; };
		3D374C4D2C4E820F00BCD931 /* TRMHomeListItemCell.swift */ = {isa = PBXFileReference; lastKnownFileType = sourcecode.swift; path = TRMHomeListItemCell.swift; sourceTree = "<group>"; };
		3D374C782C4FB88200BCD931 /* TRMHomeSectionView.swift */ = {isa = PBXFileReference; lastKnownFileType = sourcecode.swift; path = TRMHomeSectionView.swift; sourceTree = "<group>"; };
		3D374C842C50A5A800BCD931 /* TRMTVListRsp.swift */ = {isa = PBXFileReference; lastKnownFileType = sourcecode.swift; path = TRMTVListRsp.swift; sourceTree = "<group>"; };
		3D374C8B2C50D15500BCD931 /* TRMHomeSegmentSectionView.swift */ = {isa = PBXFileReference; lastKnownFileType = sourcecode.swift; path = TRMHomeSegmentSectionView.swift; sourceTree = "<group>"; };
		3D374C9C2C50EAB400BCD931 /* TRMTabsVC.swift */ = {isa = PBXFileReference; fileEncoding = 4; lastKnownFileType = sourcecode.swift; path = TRMTabsVC.swift; sourceTree = "<group>"; };
		3D374C9E2C50EAB400BCD931 /* TRMTabsVM.swift */ = {isa = PBXFileReference; fileEncoding = 4; lastKnownFileType = sourcecode.swift; path = TRMTabsVM.swift; sourceTree = "<group>"; };
		3D374CA82C50EB7B00BCD931 /* TRMMovieDetailVC.swift */ = {isa = PBXFileReference; lastKnownFileType = sourcecode.swift; path = TRMMovieDetailVC.swift; sourceTree = "<group>"; };
		3D79EC352C2EC0CF00CEA938 /* TMDBRxMVVM.app */ = {isa = PBXFileReference; explicitFileType = wrapper.application; includeInIndex = 0; path = TMDBRxMVVM.app; sourceTree = BUILT_PRODUCTS_DIR; };
		3D79EC412C2EC0D100CEA938 /* Assets.xcassets */ = {isa = PBXFileReference; lastKnownFileType = folder.assetcatalog; path = Assets.xcassets; sourceTree = "<group>"; };
		3D79EC462C2EC0D100CEA938 /* Info.plist */ = {isa = PBXFileReference; lastKnownFileType = text.plist.xml; path = Info.plist; sourceTree = "<group>"; };
		3D79EC4B2C2EC0D100CEA938 /* TMDBRxMVVMTests.xctest */ = {isa = PBXFileReference; explicitFileType = wrapper.cfbundle; includeInIndex = 0; path = TMDBRxMVVMTests.xctest; sourceTree = BUILT_PRODUCTS_DIR; };
		3D79EC4F2C2EC0D100CEA938 /* TMDBRxMVVMTests.swift */ = {isa = PBXFileReference; lastKnownFileType = sourcecode.swift; path = TMDBRxMVVMTests.swift; sourceTree = "<group>"; };
		3D79EC552C2EC0D100CEA938 /* TMDBRxMVVMUITests.xctest */ = {isa = PBXFileReference; explicitFileType = wrapper.cfbundle; includeInIndex = 0; path = TMDBRxMVVMUITests.xctest; sourceTree = BUILT_PRODUCTS_DIR; };
		3D79EC592C2EC0D100CEA938 /* TMDBRxMVVMUITests.swift */ = {isa = PBXFileReference; lastKnownFileType = sourcecode.swift; path = TMDBRxMVVMUITests.swift; sourceTree = "<group>"; };
		3D79EC5B2C2EC0D100CEA938 /* TMDBRxMVVMUITestsLaunchTests.swift */ = {isa = PBXFileReference; lastKnownFileType = sourcecode.swift; path = TMDBRxMVVMUITestsLaunchTests.swift; sourceTree = "<group>"; };
		3D79EC682C2EC10500CEA938 /* ViewModelType.swift */ = {isa = PBXFileReference; fileEncoding = 4; lastKnownFileType = sourcecode.swift; path = ViewModelType.swift; sourceTree = "<group>"; };
		3D79EC6B2C2EC10500CEA938 /* AppDelegate.swift */ = {isa = PBXFileReference; fileEncoding = 4; lastKnownFileType = sourcecode.swift; path = AppDelegate.swift; sourceTree = "<group>"; };
		3D79EC6F2C2EC10500CEA938 /* TRMAccountVC.swift */ = {isa = PBXFileReference; fileEncoding = 4; lastKnownFileType = sourcecode.swift; path = TRMAccountVC.swift; sourceTree = "<group>"; };
		3D79EC712C2EC10500CEA938 /* TRMAccountVM.swift */ = {isa = PBXFileReference; fileEncoding = 4; lastKnownFileType = sourcecode.swift; path = TRMAccountVM.swift; sourceTree = "<group>"; };
		3D79EC742C2EC10500CEA938 /* TRMDiscoverVC.swift */ = {isa = PBXFileReference; fileEncoding = 4; lastKnownFileType = sourcecode.swift; path = TRMDiscoverVC.swift; sourceTree = "<group>"; };
		3D79EC772C2EC10500CEA938 /* TRMDiscoverVM.swift */ = {isa = PBXFileReference; fileEncoding = 4; lastKnownFileType = sourcecode.swift; path = TRMDiscoverVM.swift; sourceTree = "<group>"; };
		3D79EC7A2C2EC10500CEA938 /* TRMHomeVC.swift */ = {isa = PBXFileReference; fileEncoding = 4; lastKnownFileType = sourcecode.swift; path = TRMHomeVC.swift; sourceTree = "<group>"; };
		3D79EC7C2C2EC10500CEA938 /* TRMHomeVM.swift */ = {isa = PBXFileReference; fileEncoding = 4; lastKnownFileType = sourcecode.swift; path = TRMHomeVM.swift; sourceTree = "<group>"; };
		3D79EC7F2C2EC10500CEA938 /* TRMSearchVC.swift */ = {isa = PBXFileReference; fileEncoding = 4; lastKnownFileType = sourcecode.swift; path = TRMSearchVC.swift; sourceTree = "<group>"; };
		3D79EC812C2EC10500CEA938 /* TRMSearchVM.swift */ = {isa = PBXFileReference; fileEncoding = 4; lastKnownFileType = sourcecode.swift; path = TRMSearchVM.swift; sourceTree = "<group>"; };
		3D84DFC72C44FB7C0084CF05 /* ActivityIndicator.swift */ = {isa = PBXFileReference; fileEncoding = 4; lastKnownFileType = sourcecode.swift; path = ActivityIndicator.swift; sourceTree = "<group>"; };
		3D84DFC92C44FB7C0084CF05 /* ErrorTracker.swift */ = {isa = PBXFileReference; fileEncoding = 4; lastKnownFileType = sourcecode.swift; path = ErrorTracker.swift; sourceTree = "<group>"; };
		3D84DFCE2C44FE530084CF05 /* TRMTmdbNetwork.swift */ = {isa = PBXFileReference; lastKnownFileType = sourcecode.swift; path = TRMTmdbNetwork.swift; sourceTree = "<group>"; };
		3D84DFD12C4506C70084CF05 /* BaseTableViewCell.swift */ = {isa = PBXFileReference; lastKnownFileType = sourcecode.swift; path = BaseTableViewCell.swift; sourceTree = "<group>"; };
		3D84DFD32C450AD40084CF05 /* TRMCarouselCell.swift */ = {isa = PBXFileReference; lastKnownFileType = sourcecode.swift; path = TRMCarouselCell.swift; sourceTree = "<group>"; };
		3D84DFD52C4513FF0084CF05 /* TRMCarouselItemCell.swift */ = {isa = PBXFileReference; lastKnownFileType = sourcecode.swift; path = TRMCarouselItemCell.swift; sourceTree = "<group>"; };
		3D84DFD72C45140F0084CF05 /* BaseCollectionViewCell.swift */ = {isa = PBXFileReference; lastKnownFileType = sourcecode.swift; path = BaseCollectionViewCell.swift; sourceTree = "<group>"; };
		3DA1AEAC2C3562DD00CBF933 /* TRMTmdbApi.swift */ = {isa = PBXFileReference; lastKnownFileType = sourcecode.swift; path = TRMTmdbApi.swift; sourceTree = "<group>"; };
		3DA1AEAE2C35640700CBF933 /* TRMConfig.swift */ = {isa = PBXFileReference; lastKnownFileType = sourcecode.swift; path = TRMConfig.swift; sourceTree = "<group>"; };
		3DA1AEB22C364E8100CBF933 /* TRMTrendindRsp.swift */ = {isa = PBXFileReference; lastKnownFileType = sourcecode.swift; path = TRMTrendindRsp.swift; sourceTree = "<group>"; };
		3DA40D442C3BFEEF001B6C55 /* APIServiceType.swift */ = {isa = PBXFileReference; lastKnownFileType = sourcecode.swift; path = APIServiceType.swift; sourceTree = "<group>"; };
		3DA40D462C3BFFA9001B6C55 /* NetworkingService.swift */ = {isa = PBXFileReference; lastKnownFileType = sourcecode.swift; path = NetworkingService.swift; sourceTree = "<group>"; };
		3DA40D482C3C06ED001B6C55 /* ReachabilityManager.swift */ = {isa = PBXFileReference; lastKnownFileType = sourcecode.swift; path = ReachabilityManager.swift; sourceTree = "<group>"; };
		3DA40D5E2C3E3481001B6C55 /* AppNavigator.swift */ = {isa = PBXFileReference; lastKnownFileType = sourcecode.swift; path = AppNavigator.swift; sourceTree = "<group>"; };
		3DA40D602C3E8648001B6C55 /* SceneDelegate.swift */ = {isa = PBXFileReference; lastKnownFileType = sourcecode.swift; path = SceneDelegate.swift; sourceTree = "<group>"; };
		3DE90F4E2C32494700A7CB70 /* BaseViewController.swift */ = {isa = PBXFileReference; lastKnownFileType = sourcecode.swift; path = BaseViewController.swift; sourceTree = "<group>"; };
		9569F0284D4D8EBC8B4447E5 /* Pods-TMDBRxMVVM-TMDBRxMVVMUITests.release.xcconfig */ = {isa = PBXFileReference; includeInIndex = 1; lastKnownFileType = text.xcconfig; name = "Pods-TMDBRxMVVM-TMDBRxMVVMUITests.release.xcconfig"; path = "Target Support Files/Pods-TMDBRxMVVM-TMDBRxMVVMUITests/Pods-TMDBRxMVVM-TMDBRxMVVMUITests.release.xcconfig"; sourceTree = "<group>"; };
		DFEF64867BCF3257E6F5C5ED /* Pods_TMDBRxMVVM_TMDBRxMVVMUITests.framework */ = {isa = PBXFileReference; explicitFileType = wrapper.framework; includeInIndex = 0; path = Pods_TMDBRxMVVM_TMDBRxMVVMUITests.framework; sourceTree = BUILT_PRODUCTS_DIR; };
		F8E1249C10CB0CA9A1BAF617 /* Pods-TMDBRxMVVM-TMDBRxMVVMUITests.debug.xcconfig */ = {isa = PBXFileReference; includeInIndex = 1; lastKnownFileType = text.xcconfig; name = "Pods-TMDBRxMVVM-TMDBRxMVVMUITests.debug.xcconfig"; path = "Target Support Files/Pods-TMDBRxMVVM-TMDBRxMVVMUITests/Pods-TMDBRxMVVM-TMDBRxMVVMUITests.debug.xcconfig"; sourceTree = "<group>"; };
/* End PBXFileReference section */

/* Begin PBXFrameworksBuildPhase section */
		3D79EC322C2EC0CF00CEA938 /* Frameworks */ = {
			isa = PBXFrameworksBuildPhase;
			buildActionMask = 2147483647;
			files = (
				2291776A625B98966AAD0B52 /* Pods_TMDBRxMVVM.framework in Frameworks */,
			);
			runOnlyForDeploymentPostprocessing = 0;
		};
		3D79EC482C2EC0D100CEA938 /* Frameworks */ = {
			isa = PBXFrameworksBuildPhase;
			buildActionMask = 2147483647;
			files = (
				CB249B54E3167A3A13D05AF6 /* Pods_TMDBRxMVVMTests.framework in Frameworks */,
			);
			runOnlyForDeploymentPostprocessing = 0;
		};
		3D79EC522C2EC0D100CEA938 /* Frameworks */ = {
			isa = PBXFrameworksBuildPhase;
			buildActionMask = 2147483647;
			files = (
				3A82B8065A100874B24FD738 /* Pods_TMDBRxMVVM_TMDBRxMVVMUITests.framework in Frameworks */,
			);
			runOnlyForDeploymentPostprocessing = 0;
		};
/* End PBXFrameworksBuildPhase section */

/* Begin PBXGroup section */
		3D374BE82C4900C600BCD931 /* View */ = {
			isa = PBXGroup;
			children = (
				3D374BE92C4900D600BCD931 /* TRMSettingCell.swift */,
			);
			path = View;
			sourceTree = "<group>";
		};
		3D374BEB2C49080F00BCD931 /* Language */ = {
			isa = PBXGroup;
			children = (
				3D374C142C4A3A0300BCD931 /* View */,
				3D374BFB2C493B2E00BCD931 /* Model */,
				3D374BEE2C49083100BCD931 /* Controller */,
				3D374BED2C49082700BCD931 /* ViewModel */,
			);
			path = Language;
			sourceTree = "<group>";
		};
		3D374BEC2C49081E00BCD931 /* Next */ = {
			isa = PBXGroup;
			children = (
				3D374BEB2C49080F00BCD931 /* Language */,
			);
			path = Next;
			sourceTree = "<group>";
		};
		3D374BED2C49082700BCD931 /* ViewModel */ = {
			isa = PBXGroup;
			children = (
				3D374BF12C49084E00BCD931 /* TRMLanguageVM.swift */,
			);
			path = ViewModel;
			sourceTree = "<group>";
		};
		3D374BEE2C49083100BCD931 /* Controller */ = {
			isa = PBXGroup;
			children = (
				3D374BEF2C49084400BCD931 /* TRMLanguageVC.swift */,
			);
			path = Controller;
			sourceTree = "<group>";
		};
		3D374BFB2C493B2E00BCD931 /* Model */ = {
			isa = PBXGroup;
			children = (
				3D374BFC2C493B4200BCD931 /* TRMLanguageModel.swift */,
			);
			path = Model;
			sourceTree = "<group>";
		};
		3D374C142C4A3A0300BCD931 /* View */ = {
			isa = PBXGroup;
			children = (
				3D374C152C4A3A1500BCD931 /* TRMLanguageCell.swift */,
			);
			path = View;
			sourceTree = "<group>";
		};
		3D374C9D2C50EAB400BCD931 /* Controller */ = {
			isa = PBXGroup;
			children = (
				3D374C9C2C50EAB400BCD931 /* TRMTabsVC.swift */,
			);
			path = Controller;
			sourceTree = "<group>";
		};
		3D374C9F2C50EAB400BCD931 /* ViewModel */ = {
			isa = PBXGroup;
			children = (
				3D374C9E2C50EAB400BCD931 /* TRMTabsVM.swift */,
			);
			path = ViewModel;
			sourceTree = "<group>";
		};
		3D374CA02C50EAB400BCD931 /* Tabs */ = {
			isa = PBXGroup;
			children = (
				3D374C9D2C50EAB400BCD931 /* Controller */,
				3D374C9F2C50EAB400BCD931 /* ViewModel */,
			);
			path = Tabs;
			sourceTree = "<group>";
		};
		3D374CA42C50EB5600BCD931 /* MovieDetail */ = {
			isa = PBXGroup;
			children = (
				3D374CA72C50EB5D00BCD931 /* Controller */,
			);
			path = MovieDetail;
			sourceTree = "<group>";
		};
		3D374CA52C50EB5600BCD931 /* TVDetail */ = {
			isa = PBXGroup;
			children = (
			);
			path = TVDetail;
			sourceTree = "<group>";
		};
		3D374CA62C50EB5600BCD931 /* Detail */ = {
			isa = PBXGroup;
			children = (
				3D374CA42C50EB5600BCD931 /* MovieDetail */,
				3D374CA52C50EB5600BCD931 /* TVDetail */,
			);
			path = Detail;
			sourceTree = "<group>";
		};
		3D374CA72C50EB5D00BCD931 /* Controller */ = {
			isa = PBXGroup;
			children = (
				3D374CA82C50EB7B00BCD931 /* TRMMovieDetailVC.swift */,
			);
			path = Controller;
			sourceTree = "<group>";
		};
		3D79EC2C2C2EC0CF00CEA938 = {
			isa = PBXGroup;
			children = (
				3D79EC372C2EC0CF00CEA938 /* TMDBRxMVVM */,
				3D79EC4E2C2EC0D100CEA938 /* TMDBRxMVVMTests */,
				3D79EC582C2EC0D100CEA938 /* TMDBRxMVVMUITests */,
				3D79EC362C2EC0CF00CEA938 /* Products */,
				EFF2844C593B48648A2C0A72 /* Pods */,
				7A0F9D6B056A8006127CFAD6 /* Frameworks */,
			);
			sourceTree = "<group>";
		};
		3D79EC362C2EC0CF00CEA938 /* Products */ = {
			isa = PBXGroup;
			children = (
				3D79EC352C2EC0CF00CEA938 /* TMDBRxMVVM.app */,
				3D79EC4B2C2EC0D100CEA938 /* TMDBRxMVVMTests.xctest */,
				3D79EC552C2EC0D100CEA938 /* TMDBRxMVVMUITests.xctest */,
			);
			name = Products;
			sourceTree = "<group>";
		};
		3D79EC372C2EC0CF00CEA938 /* TMDBRxMVVM */ = {
			isa = PBXGroup;
			children = (
				3D79EC6E2C2EC10500CEA938 /* Application */,
				3D79EC692C2EC10500CEA938 /* Common */,
				3DA1AEA32C35614400CBF933 /* Network */,
				3DA1AEA42C35615900CBF933 /* Resource */,
				3D79EC892C2EC10500CEA938 /* Scene */,
				3D84DFCB2C44FB7C0084CF05 /* Third Party */,
			);
			path = TMDBRxMVVM;
			sourceTree = "<group>";
		};
		3D79EC4E2C2EC0D100CEA938 /* TMDBRxMVVMTests */ = {
			isa = PBXGroup;
			children = (
				3D79EC4F2C2EC0D100CEA938 /* TMDBRxMVVMTests.swift */,
			);
			path = TMDBRxMVVMTests;
			sourceTree = "<group>";
		};
		3D79EC582C2EC0D100CEA938 /* TMDBRxMVVMUITests */ = {
			isa = PBXGroup;
			children = (
				3D79EC592C2EC0D100CEA938 /* TMDBRxMVVMUITests.swift */,
				3D79EC5B2C2EC0D100CEA938 /* TMDBRxMVVMUITestsLaunchTests.swift */,
			);
			path = TMDBRxMVVMUITests;
			sourceTree = "<group>";
		};
		3D79EC692C2EC10500CEA938 /* Common */ = {
			isa = PBXGroup;
			children = (
				3DA40D5E2C3E3481001B6C55 /* AppNavigator.swift */,
				3D84DFD72C45140F0084CF05 /* BaseCollectionViewCell.swift */,
				3D84DFD12C4506C70084CF05 /* BaseTableViewCell.swift */,
				3DE90F4E2C32494700A7CB70 /* BaseViewController.swift */,
				3DA1AEAE2C35640700CBF933 /* TRMConfig.swift */,
				3D79EC682C2EC10500CEA938 /* ViewModelType.swift */,
				3D374BF72C49211700BCD931 /* CommonExtension.swift */,
			);
			path = Common;
			sourceTree = "<group>";
		};
		3D79EC6E2C2EC10500CEA938 /* Application */ = {
			isa = PBXGroup;
			children = (
				3D79EC6B2C2EC10500CEA938 /* AppDelegate.swift */,
				3DA40D602C3E8648001B6C55 /* SceneDelegate.swift */,
			);
			path = Application;
			sourceTree = "<group>";
		};
		3D79EC702C2EC10500CEA938 /* Controller */ = {
			isa = PBXGroup;
			children = (
				3D79EC6F2C2EC10500CEA938 /* TRMAccountVC.swift */,
			);
			path = Controller;
			sourceTree = "<group>";
		};
		3D79EC722C2EC10500CEA938 /* ViewModel */ = {
			isa = PBXGroup;
			children = (
				3D79EC712C2EC10500CEA938 /* TRMAccountVM.swift */,
			);
			path = ViewModel;
			sourceTree = "<group>";
		};
		3D79EC732C2EC10500CEA938 /* Account */ = {
			isa = PBXGroup;
			children = (
				3D79EC702C2EC10500CEA938 /* Controller */,
				3D374BEC2C49081E00BCD931 /* Next */,
				3D374BE82C4900C600BCD931 /* View */,
				3D79EC722C2EC10500CEA938 /* ViewModel */,
			);
			path = Account;
			sourceTree = "<group>";
		};
		3D79EC752C2EC10500CEA938 /* Controller */ = {
			isa = PBXGroup;
			children = (
				3D79EC742C2EC10500CEA938 /* TRMDiscoverVC.swift */,
			);
			path = Controller;
			sourceTree = "<group>";
		};
		3D79EC762C2EC10500CEA938 /* Model */ = {
			isa = PBXGroup;
			children = (
			);
			path = Model;
			sourceTree = "<group>";
		};
		3D79EC782C2EC10500CEA938 /* ViewModel */ = {
			isa = PBXGroup;
			children = (
				3D79EC772C2EC10500CEA938 /* TRMDiscoverVM.swift */,
			);
			path = ViewModel;
			sourceTree = "<group>";
		};
		3D79EC792C2EC10500CEA938 /* Discover */ = {
			isa = PBXGroup;
			children = (
				3D79EC752C2EC10500CEA938 /* Controller */,
				3D79EC762C2EC10500CEA938 /* Model */,
				3D79EC782C2EC10500CEA938 /* ViewModel */,
			);
			path = Discover;
			sourceTree = "<group>";
		};
		3D79EC7B2C2EC10500CEA938 /* Controller */ = {
			isa = PBXGroup;
			children = (
				3D79EC7A2C2EC10500CEA938 /* TRMHomeVC.swift */,
			);
			path = Controller;
			sourceTree = "<group>";
		};
		3D79EC7D2C2EC10500CEA938 /* ViewModel */ = {
			isa = PBXGroup;
			children = (
				3D79EC7C2C2EC10500CEA938 /* TRMHomeVM.swift */,
			);
			path = ViewModel;
			sourceTree = "<group>";
		};
		3D79EC7E2C2EC10500CEA938 /* Home */ = {
			isa = PBXGroup;
			children = (
				3D79EC7B2C2EC10500CEA938 /* Controller */,
				3DA1AEB12C3646FA00CBF933 /* Model */,
				3D84DFD02C4505D70084CF05 /* View */,
				3D79EC7D2C2EC10500CEA938 /* ViewModel */,
			);
			path = Home;
			sourceTree = "<group>";
		};
		3D79EC802C2EC10500CEA938 /* Controller */ = {
			isa = PBXGroup;
			children = (
				3D79EC7F2C2EC10500CEA938 /* TRMSearchVC.swift */,
			);
			path = Controller;
			sourceTree = "<group>";
		};
		3D79EC822C2EC10500CEA938 /* ViewModel */ = {
			isa = PBXGroup;
			children = (
				3D79EC812C2EC10500CEA938 /* TRMSearchVM.swift */,
			);
			path = ViewModel;
			sourceTree = "<group>";
		};
		3D79EC832C2EC10500CEA938 /* Search */ = {
			isa = PBXGroup;
			children = (
				3D79EC802C2EC10500CEA938 /* Controller */,
				3D79EC822C2EC10500CEA938 /* ViewModel */,
			);
			path = Search;
			sourceTree = "<group>";
		};
		3D79EC892C2EC10500CEA938 /* Scene */ = {
			isa = PBXGroup;
			children = (
				3D79EC732C2EC10500CEA938 /* Account */,
				3D374CA62C50EB5600BCD931 /* Detail */,
				3D79EC792C2EC10500CEA938 /* Discover */,
				3D79EC7E2C2EC10500CEA938 /* Home */,
				3D79EC832C2EC10500CEA938 /* Search */,
				3D374CA02C50EAB400BCD931 /* Tabs */,
			);
			path = Scene;
			sourceTree = "<group>";
		};
		3D84DFC82C44FB7C0084CF05 /* RxActivityIndicator */ = {
			isa = PBXGroup;
			children = (
				3D84DFC72C44FB7C0084CF05 /* ActivityIndicator.swift */,
			);
			path = RxActivityIndicator;
			sourceTree = "<group>";
		};
		3D84DFCA2C44FB7C0084CF05 /* RxErrorTracker */ = {
			isa = PBXGroup;
			children = (
				3D84DFC92C44FB7C0084CF05 /* ErrorTracker.swift */,
			);
			path = RxErrorTracker;
			sourceTree = "<group>";
		};
		3D84DFCB2C44FB7C0084CF05 /* Third Party */ = {
			isa = PBXGroup;
			children = (
				3D84DFC82C44FB7C0084CF05 /* RxActivityIndicator */,
				3D84DFCA2C44FB7C0084CF05 /* RxErrorTracker */,
			);
			path = "Third Party";
			sourceTree = "<group>";
		};
		3D84DFD02C4505D70084CF05 /* View */ = {
			isa = PBXGroup;
			children = (
				3D84DFD32C450AD40084CF05 /* TRMCarouselCell.swift */,
				3D84DFD52C4513FF0084CF05 /* TRMCarouselItemCell.swift */,
				3D374C172C4A567900BCD931 /* TRMHomeListCell.swift */,
				3D374C4D2C4E820F00BCD931 /* TRMHomeListItemCell.swift */,
				3D374C782C4FB88200BCD931 /* TRMHomeSectionView.swift */,
				3D374C8B2C50D15500BCD931 /* TRMHomeSegmentSectionView.swift */,
			);
			path = View;
			sourceTree = "<group>";
		};
		3DA1AEA32C35614400CBF933 /* Network */ = {
			isa = PBXGroup;
			children = (
				3DA40D442C3BFEEF001B6C55 /* APIServiceType.swift */,
				3DA40D462C3BFFA9001B6C55 /* NetworkingService.swift */,
				3DA40D482C3C06ED001B6C55 /* ReachabilityManager.swift */,
				3DA1AEAC2C3562DD00CBF933 /* TRMTmdbApi.swift */,
				3D84DFCE2C44FE530084CF05 /* TRMTmdbNetwork.swift */,
			);
			path = Network;
			sourceTree = "<group>";
		};
		3DA1AEA42C35615900CBF933 /* Resource */ = {
			isa = PBXGroup;
			children = (
				3D374BE32C48F8A700BCD931 /* R.generated.swift */,
				3D79EC412C2EC0D100CEA938 /* Assets.xcassets */,
				3D79EC462C2EC0D100CEA938 /* Info.plist */,
				3D374BF32C491E2F00BCD931 /* Localizable.strings */,
			);
			path = Resource;
			sourceTree = "<group>";
		};
		3DA1AEB12C3646FA00CBF933 /* Model */ = {
			isa = PBXGroup;
			children = (
				3DA1AEB22C364E8100CBF933 /* TRMTrendindRsp.swift */,
				3D374C192C4A5DBF00BCD931 /* TRMMovieListRsp.swift */,
				3D374C1B2C4A77C800BCD931 /* TRMHomeSection.swift */,
				3D374C842C50A5A800BCD931 /* TRMTVListRsp.swift */,
			);
			path = Model;
			sourceTree = "<group>";
		};
		7A0F9D6B056A8006127CFAD6 /* Frameworks */ = {
			isa = PBXGroup;
			children = (
				0D1FBC44C97C5EA75FDE0522 /* Pods_TMDBRxMVVM.framework */,
				DFEF64867BCF3257E6F5C5ED /* Pods_TMDBRxMVVM_TMDBRxMVVMUITests.framework */,
				329DC99F252D79FBFFA91E41 /* Pods_TMDBRxMVVMTests.framework */,
			);
			name = Frameworks;
			sourceTree = "<group>";
		};
		EFF2844C593B48648A2C0A72 /* Pods */ = {
			isa = PBXGroup;
			children = (
				253564EED5044FD7593EF104 /* Pods-TMDBRxMVVM.debug.xcconfig */,
				36BB86279EF6FEA2B4C0725F /* Pods-TMDBRxMVVM.release.xcconfig */,
				F8E1249C10CB0CA9A1BAF617 /* Pods-TMDBRxMVVM-TMDBRxMVVMUITests.debug.xcconfig */,
				9569F0284D4D8EBC8B4447E5 /* Pods-TMDBRxMVVM-TMDBRxMVVMUITests.release.xcconfig */,
				27A91E9F81072BA56D6A4F95 /* Pods-TMDBRxMVVMTests.debug.xcconfig */,
				00869FEE3B19296552330BE6 /* Pods-TMDBRxMVVMTests.release.xcconfig */,
			);
			path = Pods;
			sourceTree = "<group>";
		};
/* End PBXGroup section */

/* Begin PBXNativeTarget section */
		3D79EC342C2EC0CF00CEA938 /* TMDBRxMVVM */ = {
			isa = PBXNativeTarget;
			buildConfigurationList = 3D79EC5F2C2EC0D100CEA938 /* Build configuration list for PBXNativeTarget "TMDBRxMVVM" */;
			buildPhases = (
				56029066E1FFCDE4AC27B8BD /* [CP] Check Pods Manifest.lock */,
				3D79EC992C2ECA4C00CEA938 /* ShellScript */,
				3D79EC312C2EC0CF00CEA938 /* Sources */,
				3D79EC322C2EC0CF00CEA938 /* Frameworks */,
				3D79EC332C2EC0CF00CEA938 /* Resources */,
				424D83204B76B80AF7F0DA87 /* [CP] Embed Pods Frameworks */,
			);
			buildRules = (
			);
			dependencies = (
			);
			name = TMDBRxMVVM;
			productName = TMDBRxMVVM;
			productReference = 3D79EC352C2EC0CF00CEA938 /* TMDBRxMVVM.app */;
			productType = "com.apple.product-type.application";
		};
		3D79EC4A2C2EC0D100CEA938 /* TMDBRxMVVMTests */ = {
			isa = PBXNativeTarget;
			buildConfigurationList = 3D79EC622C2EC0D100CEA938 /* Build configuration list for PBXNativeTarget "TMDBRxMVVMTests" */;
			buildPhases = (
				AEE3A43168D92A47A23CFF0D /* [CP] Check Pods Manifest.lock */,
				3D79EC472C2EC0D100CEA938 /* Sources */,
				3D79EC482C2EC0D100CEA938 /* Frameworks */,
				3D79EC492C2EC0D100CEA938 /* Resources */,
			);
			buildRules = (
			);
			dependencies = (
				3D79EC4D2C2EC0D100CEA938 /* PBXTargetDependency */,
			);
			name = TMDBRxMVVMTests;
			productName = TMDBRxMVVMTests;
			productReference = 3D79EC4B2C2EC0D100CEA938 /* TMDBRxMVVMTests.xctest */;
			productType = "com.apple.product-type.bundle.unit-test";
		};
		3D79EC542C2EC0D100CEA938 /* TMDBRxMVVMUITests */ = {
			isa = PBXNativeTarget;
			buildConfigurationList = 3D79EC652C2EC0D100CEA938 /* Build configuration list for PBXNativeTarget "TMDBRxMVVMUITests" */;
			buildPhases = (
				8D5488D0FFD64F6E3F3D50A7 /* [CP] Check Pods Manifest.lock */,
				3D79EC512C2EC0D100CEA938 /* Sources */,
				3D79EC522C2EC0D100CEA938 /* Frameworks */,
				3D79EC532C2EC0D100CEA938 /* Resources */,
				252368711235C1C70FBF684F /* [CP] Embed Pods Frameworks */,
			);
			buildRules = (
			);
			dependencies = (
				3D79EC572C2EC0D100CEA938 /* PBXTargetDependency */,
			);
			name = TMDBRxMVVMUITests;
			productName = TMDBRxMVVMUITests;
			productReference = 3D79EC552C2EC0D100CEA938 /* TMDBRxMVVMUITests.xctest */;
			productType = "com.apple.product-type.bundle.ui-testing";
		};
/* End PBXNativeTarget section */

/* Begin PBXProject section */
		3D79EC2D2C2EC0CF00CEA938 /* Project object */ = {
			isa = PBXProject;
			attributes = {
				BuildIndependentTargetsInParallel = 1;
				LastSwiftUpdateCheck = 1540;
				LastUpgradeCheck = 1540;
				TargetAttributes = {
					3D79EC342C2EC0CF00CEA938 = {
						CreatedOnToolsVersion = 15.4;
					};
					3D79EC4A2C2EC0D100CEA938 = {
						CreatedOnToolsVersion = 15.4;
						TestTargetID = 3D79EC342C2EC0CF00CEA938;
					};
					3D79EC542C2EC0D100CEA938 = {
						CreatedOnToolsVersion = 15.4;
						TestTargetID = 3D79EC342C2EC0CF00CEA938;
					};
				};
			};
			buildConfigurationList = 3D79EC302C2EC0CF00CEA938 /* Build configuration list for PBXProject "TMDBRxMVVM" */;
			compatibilityVersion = "Xcode 14.0";
			developmentRegion = "zh-Hans";
			hasScannedForEncodings = 0;
			knownRegions = (
				en,
				"zh-Hans",
				Base,
			);
			mainGroup = 3D79EC2C2C2EC0CF00CEA938;
			productRefGroup = 3D79EC362C2EC0CF00CEA938 /* Products */;
			projectDirPath = "";
			projectRoot = "";
			targets = (
				3D79EC342C2EC0CF00CEA938 /* TMDBRxMVVM */,
				3D79EC4A2C2EC0D100CEA938 /* TMDBRxMVVMTests */,
				3D79EC542C2EC0D100CEA938 /* TMDBRxMVVMUITests */,
			);
		};
/* End PBXProject section */

/* Begin PBXResourcesBuildPhase section */
		3D79EC332C2EC0CF00CEA938 /* Resources */ = {
			isa = PBXResourcesBuildPhase;
			buildActionMask = 2147483647;
			files = (
				3D84DFB02C44C9220084CF05 /* Assets.xcassets in Resources */,
				3D374BF52C491E2F00BCD931 /* Localizable.strings in Resources */,
			);
			runOnlyForDeploymentPostprocessing = 0;
		};
		3D79EC492C2EC0D100CEA938 /* Resources */ = {
			isa = PBXResourcesBuildPhase;
			buildActionMask = 2147483647;
			files = (
			);
			runOnlyForDeploymentPostprocessing = 0;
		};
		3D79EC532C2EC0D100CEA938 /* Resources */ = {
			isa = PBXResourcesBuildPhase;
			buildActionMask = 2147483647;
			files = (
			);
			runOnlyForDeploymentPostprocessing = 0;
		};
/* End PBXResourcesBuildPhase section */

/* Begin PBXShellScriptBuildPhase section */
		252368711235C1C70FBF684F /* [CP] Embed Pods Frameworks */ = {
			isa = PBXShellScriptBuildPhase;
			buildActionMask = 2147483647;
			files = (
			);
			inputFileListPaths = (
				"${PODS_ROOT}/Target Support Files/Pods-TMDBRxMVVM-TMDBRxMVVMUITests/Pods-TMDBRxMVVM-TMDBRxMVVMUITests-frameworks-${CONFIGURATION}-input-files.xcfilelist",
			);
			name = "[CP] Embed Pods Frameworks";
			outputFileListPaths = (
				"${PODS_ROOT}/Target Support Files/Pods-TMDBRxMVVM-TMDBRxMVVMUITests/Pods-TMDBRxMVVM-TMDBRxMVVMUITests-frameworks-${CONFIGURATION}-output-files.xcfilelist",
			);
			runOnlyForDeploymentPostprocessing = 0;
			shellPath = /bin/sh;
			shellScript = "\"${PODS_ROOT}/Target Support Files/Pods-TMDBRxMVVM-TMDBRxMVVMUITests/Pods-TMDBRxMVVM-TMDBRxMVVMUITests-frameworks.sh\"\n";
			showEnvVarsInLog = 0;
		};
		3D79EC992C2ECA4C00CEA938 /* ShellScript */ = {
			isa = PBXShellScriptBuildPhase;
			alwaysOutOfDate = 1;
			buildActionMask = 2147483647;
			files = (
			);
			inputFileListPaths = (
			);
			inputPaths = (
			);
			outputFileListPaths = (
			);
			outputPaths = (
				$SRCROOT/R.generated.swift,
			);
			runOnlyForDeploymentPostprocessing = 0;
			shellPath = /bin/sh;
			shellScript = "# Type a script or drag a script file from your workspace to insert its path.\n\"$PODS_ROOT/R.swift/rswift\" generate \"$SRCROOT/R.generated.swift\"\n";
		};
		424D83204B76B80AF7F0DA87 /* [CP] Embed Pods Frameworks */ = {
			isa = PBXShellScriptBuildPhase;
			buildActionMask = 2147483647;
			files = (
			);
			inputFileListPaths = (
				"${PODS_ROOT}/Target Support Files/Pods-TMDBRxMVVM/Pods-TMDBRxMVVM-frameworks-${CONFIGURATION}-input-files.xcfilelist",
			);
			name = "[CP] Embed Pods Frameworks";
			outputFileListPaths = (
				"${PODS_ROOT}/Target Support Files/Pods-TMDBRxMVVM/Pods-TMDBRxMVVM-frameworks-${CONFIGURATION}-output-files.xcfilelist",
			);
			runOnlyForDeploymentPostprocessing = 0;
			shellPath = /bin/sh;
			shellScript = "\"${PODS_ROOT}/Target Support Files/Pods-TMDBRxMVVM/Pods-TMDBRxMVVM-frameworks.sh\"\n";
			showEnvVarsInLog = 0;
		};
		56029066E1FFCDE4AC27B8BD /* [CP] Check Pods Manifest.lock */ = {
			isa = PBXShellScriptBuildPhase;
			buildActionMask = 2147483647;
			files = (
			);
			inputFileListPaths = (
			);
			inputPaths = (
				"${PODS_PODFILE_DIR_PATH}/Podfile.lock",
				"${PODS_ROOT}/Manifest.lock",
			);
			name = "[CP] Check Pods Manifest.lock";
			outputFileListPaths = (
			);
			outputPaths = (
				"$(DERIVED_FILE_DIR)/Pods-TMDBRxMVVM-checkManifestLockResult.txt",
			);
			runOnlyForDeploymentPostprocessing = 0;
			shellPath = /bin/sh;
			shellScript = "diff \"${PODS_PODFILE_DIR_PATH}/Podfile.lock\" \"${PODS_ROOT}/Manifest.lock\" > /dev/null\nif [ $? != 0 ] ; then\n    # print error to STDERR\n    echo \"error: The sandbox is not in sync with the Podfile.lock. Run 'pod install' or update your CocoaPods installation.\" >&2\n    exit 1\nfi\n# This output is used by Xcode 'outputs' to avoid re-running this script phase.\necho \"SUCCESS\" > \"${SCRIPT_OUTPUT_FILE_0}\"\n";
			showEnvVarsInLog = 0;
		};
		8D5488D0FFD64F6E3F3D50A7 /* [CP] Check Pods Manifest.lock */ = {
			isa = PBXShellScriptBuildPhase;
			buildActionMask = 2147483647;
			files = (
			);
			inputFileListPaths = (
			);
			inputPaths = (
				"${PODS_PODFILE_DIR_PATH}/Podfile.lock",
				"${PODS_ROOT}/Manifest.lock",
			);
			name = "[CP] Check Pods Manifest.lock";
			outputFileListPaths = (
			);
			outputPaths = (
				"$(DERIVED_FILE_DIR)/Pods-TMDBRxMVVM-TMDBRxMVVMUITests-checkManifestLockResult.txt",
			);
			runOnlyForDeploymentPostprocessing = 0;
			shellPath = /bin/sh;
			shellScript = "diff \"${PODS_PODFILE_DIR_PATH}/Podfile.lock\" \"${PODS_ROOT}/Manifest.lock\" > /dev/null\nif [ $? != 0 ] ; then\n    # print error to STDERR\n    echo \"error: The sandbox is not in sync with the Podfile.lock. Run 'pod install' or update your CocoaPods installation.\" >&2\n    exit 1\nfi\n# This output is used by Xcode 'outputs' to avoid re-running this script phase.\necho \"SUCCESS\" > \"${SCRIPT_OUTPUT_FILE_0}\"\n";
			showEnvVarsInLog = 0;
		};
		AEE3A43168D92A47A23CFF0D /* [CP] Check Pods Manifest.lock */ = {
			isa = PBXShellScriptBuildPhase;
			buildActionMask = 2147483647;
			files = (
			);
			inputFileListPaths = (
			);
			inputPaths = (
				"${PODS_PODFILE_DIR_PATH}/Podfile.lock",
				"${PODS_ROOT}/Manifest.lock",
			);
			name = "[CP] Check Pods Manifest.lock";
			outputFileListPaths = (
			);
			outputPaths = (
				"$(DERIVED_FILE_DIR)/Pods-TMDBRxMVVMTests-checkManifestLockResult.txt",
			);
			runOnlyForDeploymentPostprocessing = 0;
			shellPath = /bin/sh;
			shellScript = "diff \"${PODS_PODFILE_DIR_PATH}/Podfile.lock\" \"${PODS_ROOT}/Manifest.lock\" > /dev/null\nif [ $? != 0 ] ; then\n    # print error to STDERR\n    echo \"error: The sandbox is not in sync with the Podfile.lock. Run 'pod install' or update your CocoaPods installation.\" >&2\n    exit 1\nfi\n# This output is used by Xcode 'outputs' to avoid re-running this script phase.\necho \"SUCCESS\" > \"${SCRIPT_OUTPUT_FILE_0}\"\n";
			showEnvVarsInLog = 0;
		};
/* End PBXShellScriptBuildPhase section */

/* Begin PBXSourcesBuildPhase section */
		3D79EC312C2EC0CF00CEA938 /* Sources */ = {
			isa = PBXSourcesBuildPhase;
			buildActionMask = 2147483647;
			files = (
				3D79EC902C2EC10500CEA938 /* TRMAccountVM.swift in Sources */,
				3D84DFD82C45140F0084CF05 /* BaseCollectionViewCell.swift in Sources */,
				3D79EC8C2C2EC10500CEA938 /* AppDelegate.swift in Sources */,
				3D79EC952C2EC10500CEA938 /* TRMSearchVC.swift in Sources */,
				3D374CA12C50EAB400BCD931 /* TRMTabsVC.swift in Sources */,
				3D374C182C4A567900BCD931 /* TRMHomeListCell.swift in Sources */,
				3D374C162C4A3A1500BCD931 /* TRMLanguageCell.swift in Sources */,
				3D84DFCF2C44FE530084CF05 /* TRMTmdbNetwork.swift in Sources */,
				3DA40D452C3BFEEF001B6C55 /* APIServiceType.swift in Sources */,
				3DA40D472C3BFFA9001B6C55 /* NetworkingService.swift in Sources */,
				3D374BF22C49084E00BCD931 /* TRMLanguageVM.swift in Sources */,
				3DE90F4F2C32494700A7CB70 /* BaseViewController.swift in Sources */,
				3D79EC942C2EC10500CEA938 /* TRMHomeVM.swift in Sources */,
				3D374BFD2C493B4200BCD931 /* TRMLanguageModel.swift in Sources */,
				3DA40D612C3E8648001B6C55 /* SceneDelegate.swift in Sources */,
				3D374BE42C48F8A700BCD931 /* R.generated.swift in Sources */,
				3D79EC8A2C2EC10500CEA938 /* ViewModelType.swift in Sources */,
				3D374C1C2C4A77C800BCD931 /* TRMHomeSection.swift in Sources */,
				3D374C1A2C4A5DBF00BCD931 /* TRMMovieListRsp.swift in Sources */,
				3D79EC962C2EC10500CEA938 /* TRMSearchVM.swift in Sources */,
				3D84DFCD2C44FB7C0084CF05 /* ErrorTracker.swift in Sources */,
				3DA1AEAD2C3562DD00CBF933 /* TRMTmdbApi.swift in Sources */,
				3D374BF02C49084400BCD931 /* TRMLanguageVC.swift in Sources */,
				3D374CA92C50EB7B00BCD931 /* TRMMovieDetailVC.swift in Sources */,
				3DA1AEAF2C35640700CBF933 /* TRMConfig.swift in Sources */,
				3D374CA22C50EAB400BCD931 /* TRMTabsVM.swift in Sources */,
				3DA40D492C3C06ED001B6C55 /* ReachabilityManager.swift in Sources */,
				3D84DFD62C4513FF0084CF05 /* TRMCarouselItemCell.swift in Sources */,
				3D374C8C2C50D15500BCD931 /* TRMHomeSegmentSectionView.swift in Sources */,
				3DA40D5F2C3E3481001B6C55 /* AppNavigator.swift in Sources */,
				3D84DFCC2C44FB7C0084CF05 /* ActivityIndicator.swift in Sources */,
				3D374C852C50A5A900BCD931 /* TRMTVListRsp.swift in Sources */,
				3D79EC932C2EC10500CEA938 /* TRMHomeVC.swift in Sources */,
				3D79EC8F2C2EC10500CEA938 /* TRMAccountVC.swift in Sources */,
				3D374C792C4FB88200BCD931 /* TRMHomeSectionView.swift in Sources */,
				3D374C4E2C4E820F00BCD931 /* TRMHomeListItemCell.swift in Sources */,
				3D84DFD22C4506C70084CF05 /* BaseTableViewCell.swift in Sources */,
				3D374BEA2C4900D600BCD931 /* TRMSettingCell.swift in Sources */,
				3D374BF82C49211700BCD931 /* CommonExtension.swift in Sources */,
				3D79EC922C2EC10500CEA938 /* TRMDiscoverVM.swift in Sources */,
				3D79EC912C2EC10500CEA938 /* TRMDiscoverVC.swift in Sources */,
				3DA1AEB32C364E8100CBF933 /* TRMTrendindRsp.swift in Sources */,
				3D84DFD42C450AD40084CF05 /* TRMCarouselCell.swift in Sources */,
			);
			runOnlyForDeploymentPostprocessing = 0;
		};
		3D79EC472C2EC0D100CEA938 /* Sources */ = {
			isa = PBXSourcesBuildPhase;
			buildActionMask = 2147483647;
			files = (
				3D79EC502C2EC0D100CEA938 /* TMDBRxMVVMTests.swift in Sources */,
			);
			runOnlyForDeploymentPostprocessing = 0;
		};
		3D79EC512C2EC0D100CEA938 /* Sources */ = {
			isa = PBXSourcesBuildPhase;
			buildActionMask = 2147483647;
			files = (
				3D79EC5A2C2EC0D100CEA938 /* TMDBRxMVVMUITests.swift in Sources */,
				3D79EC5C2C2EC0D100CEA938 /* TMDBRxMVVMUITestsLaunchTests.swift in Sources */,
			);
			runOnlyForDeploymentPostprocessing = 0;
		};
/* End PBXSourcesBuildPhase section */

/* Begin PBXTargetDependency section */
		3D79EC4D2C2EC0D100CEA938 /* PBXTargetDependency */ = {
			isa = PBXTargetDependency;
			target = 3D79EC342C2EC0CF00CEA938 /* TMDBRxMVVM */;
			targetProxy = 3D79EC4C2C2EC0D100CEA938 /* PBXContainerItemProxy */;
		};
		3D79EC572C2EC0D100CEA938 /* PBXTargetDependency */ = {
			isa = PBXTargetDependency;
			target = 3D79EC342C2EC0CF00CEA938 /* TMDBRxMVVM */;
			targetProxy = 3D79EC562C2EC0D100CEA938 /* PBXContainerItemProxy */;
		};
/* End PBXTargetDependency section */

/* Begin PBXVariantGroup section */
		3D374BF32C491E2F00BCD931 /* Localizable.strings */ = {
			isa = PBXVariantGroup;
			children = (
				3D374BF42C491E2F00BCD931 /* en */,
				3D374BF62C491E8600BCD931 /* zh-Hans */,
			);
			name = Localizable.strings;
			sourceTree = "<group>";
		};
/* End PBXVariantGroup section */

/* Begin XCBuildConfiguration section */
		3D79EC5D2C2EC0D100CEA938 /* Debug */ = {
			isa = XCBuildConfiguration;
			buildSettings = {
				ALWAYS_SEARCH_USER_PATHS = NO;
				ASSETCATALOG_COMPILER_GENERATE_SWIFT_ASSET_SYMBOL_EXTENSIONS = YES;
				CLANG_ANALYZER_NONNULL = YES;
				CLANG_ANALYZER_NUMBER_OBJECT_CONVERSION = YES_AGGRESSIVE;
				CLANG_CXX_LANGUAGE_STANDARD = "gnu++20";
				CLANG_ENABLE_MODULES = YES;
				CLANG_ENABLE_OBJC_ARC = YES;
				CLANG_ENABLE_OBJC_WEAK = YES;
				CLANG_WARN_BLOCK_CAPTURE_AUTORELEASING = YES;
				CLANG_WARN_BOOL_CONVERSION = YES;
				CLANG_WARN_COMMA = YES;
				CLANG_WARN_CONSTANT_CONVERSION = YES;
				CLANG_WARN_DEPRECATED_OBJC_IMPLEMENTATIONS = YES;
				CLANG_WARN_DIRECT_OBJC_ISA_USAGE = YES_ERROR;
				CLANG_WARN_DOCUMENTATION_COMMENTS = YES;
				CLANG_WARN_EMPTY_BODY = YES;
				CLANG_WARN_ENUM_CONVERSION = YES;
				CLANG_WARN_INFINITE_RECURSION = YES;
				CLANG_WARN_INT_CONVERSION = YES;
				CLANG_WARN_NON_LITERAL_NULL_CONVERSION = YES;
				CLANG_WARN_OBJC_IMPLICIT_RETAIN_SELF = YES;
				CLANG_WARN_OBJC_LITERAL_CONVERSION = YES;
				CLANG_WARN_OBJC_ROOT_CLASS = YES_ERROR;
				CLANG_WARN_QUOTED_INCLUDE_IN_FRAMEWORK_HEADER = YES;
				CLANG_WARN_RANGE_LOOP_ANALYSIS = YES;
				CLANG_WARN_STRICT_PROTOTYPES = YES;
				CLANG_WARN_SUSPICIOUS_MOVE = YES;
				CLANG_WARN_UNGUARDED_AVAILABILITY = YES_AGGRESSIVE;
				CLANG_WARN_UNREACHABLE_CODE = YES;
				CLANG_WARN__DUPLICATE_METHOD_MATCH = YES;
				COPY_PHASE_STRIP = NO;
				DEBUG_INFORMATION_FORMAT = dwarf;
				ENABLE_STRICT_OBJC_MSGSEND = YES;
				ENABLE_TESTABILITY = YES;
				ENABLE_USER_SCRIPT_SANDBOXING = YES;
				GCC_C_LANGUAGE_STANDARD = gnu17;
				GCC_DYNAMIC_NO_PIC = NO;
				GCC_NO_COMMON_BLOCKS = YES;
				GCC_OPTIMIZATION_LEVEL = 0;
				GCC_PREPROCESSOR_DEFINITIONS = (
					"DEBUG=1",
					"$(inherited)",
				);
				GCC_WARN_64_TO_32_BIT_CONVERSION = YES;
				GCC_WARN_ABOUT_RETURN_TYPE = YES_ERROR;
				GCC_WARN_UNDECLARED_SELECTOR = YES;
				GCC_WARN_UNINITIALIZED_AUTOS = YES_AGGRESSIVE;
				GCC_WARN_UNUSED_FUNCTION = YES;
				GCC_WARN_UNUSED_VARIABLE = YES;
				IPHONEOS_DEPLOYMENT_TARGET = 13.0;
				LOCALIZATION_PREFERS_STRING_CATALOGS = YES;
				MTL_ENABLE_DEBUG_INFO = INCLUDE_SOURCE;
				MTL_FAST_MATH = YES;
				ONLY_ACTIVE_ARCH = YES;
				SDKROOT = iphoneos;
				SWIFT_ACTIVE_COMPILATION_CONDITIONS = "DEBUG $(inherited)";
				SWIFT_OPTIMIZATION_LEVEL = "-Onone";
			};
			name = Debug;
		};
		3D79EC5E2C2EC0D100CEA938 /* Release */ = {
			isa = XCBuildConfiguration;
			buildSettings = {
				ALWAYS_SEARCH_USER_PATHS = NO;
				ASSETCATALOG_COMPILER_GENERATE_SWIFT_ASSET_SYMBOL_EXTENSIONS = YES;
				CLANG_ANALYZER_NONNULL = YES;
				CLANG_ANALYZER_NUMBER_OBJECT_CONVERSION = YES_AGGRESSIVE;
				CLANG_CXX_LANGUAGE_STANDARD = "gnu++20";
				CLANG_ENABLE_MODULES = YES;
				CLANG_ENABLE_OBJC_ARC = YES;
				CLANG_ENABLE_OBJC_WEAK = YES;
				CLANG_WARN_BLOCK_CAPTURE_AUTORELEASING = YES;
				CLANG_WARN_BOOL_CONVERSION = YES;
				CLANG_WARN_COMMA = YES;
				CLANG_WARN_CONSTANT_CONVERSION = YES;
				CLANG_WARN_DEPRECATED_OBJC_IMPLEMENTATIONS = YES;
				CLANG_WARN_DIRECT_OBJC_ISA_USAGE = YES_ERROR;
				CLANG_WARN_DOCUMENTATION_COMMENTS = YES;
				CLANG_WARN_EMPTY_BODY = YES;
				CLANG_WARN_ENUM_CONVERSION = YES;
				CLANG_WARN_INFINITE_RECURSION = YES;
				CLANG_WARN_INT_CONVERSION = YES;
				CLANG_WARN_NON_LITERAL_NULL_CONVERSION = YES;
				CLANG_WARN_OBJC_IMPLICIT_RETAIN_SELF = YES;
				CLANG_WARN_OBJC_LITERAL_CONVERSION = YES;
				CLANG_WARN_OBJC_ROOT_CLASS = YES_ERROR;
				CLANG_WARN_QUOTED_INCLUDE_IN_FRAMEWORK_HEADER = YES;
				CLANG_WARN_RANGE_LOOP_ANALYSIS = YES;
				CLANG_WARN_STRICT_PROTOTYPES = YES;
				CLANG_WARN_SUSPICIOUS_MOVE = YES;
				CLANG_WARN_UNGUARDED_AVAILABILITY = YES_AGGRESSIVE;
				CLANG_WARN_UNREACHABLE_CODE = YES;
				CLANG_WARN__DUPLICATE_METHOD_MATCH = YES;
				COPY_PHASE_STRIP = NO;
				DEBUG_INFORMATION_FORMAT = "dwarf-with-dsym";
				ENABLE_NS_ASSERTIONS = NO;
				ENABLE_STRICT_OBJC_MSGSEND = YES;
				ENABLE_USER_SCRIPT_SANDBOXING = YES;
				GCC_C_LANGUAGE_STANDARD = gnu17;
				GCC_NO_COMMON_BLOCKS = YES;
				GCC_WARN_64_TO_32_BIT_CONVERSION = YES;
				GCC_WARN_ABOUT_RETURN_TYPE = YES_ERROR;
				GCC_WARN_UNDECLARED_SELECTOR = YES;
				GCC_WARN_UNINITIALIZED_AUTOS = YES_AGGRESSIVE;
				GCC_WARN_UNUSED_FUNCTION = YES;
				GCC_WARN_UNUSED_VARIABLE = YES;
				IPHONEOS_DEPLOYMENT_TARGET = 13.0;
				LOCALIZATION_PREFERS_STRING_CATALOGS = YES;
				MTL_ENABLE_DEBUG_INFO = NO;
				MTL_FAST_MATH = YES;
				SDKROOT = iphoneos;
				SWIFT_COMPILATION_MODE = wholemodule;
				VALIDATE_PRODUCT = YES;
			};
			name = Release;
		};
		3D79EC602C2EC0D100CEA938 /* Debug */ = {
			isa = XCBuildConfiguration;
			baseConfigurationReference = 253564EED5044FD7593EF104 /* Pods-TMDBRxMVVM.debug.xcconfig */;
			buildSettings = {
				ASSETCATALOG_COMPILER_APPICON_NAME = AppIcon;
				ASSETCATALOG_COMPILER_GLOBAL_ACCENT_COLOR_NAME = AccentColor;
				CODE_SIGN_STYLE = Automatic;
				CURRENT_PROJECT_VERSION = 1;
				DEVELOPMENT_TEAM = Q8H2R68RPW;
				ENABLE_USER_SCRIPT_SANDBOXING = NO;
				EXCLUDED_ARCHS = "";
				GENERATE_INFOPLIST_FILE = YES;
				INFOPLIST_FILE = TMDBRxMVVM/Resource/Info.plist;
				INFOPLIST_KEY_UIApplicationSupportsIndirectInputEvents = YES;
				INFOPLIST_KEY_UILaunchStoryboardName = LaunchScreen;
				INFOPLIST_KEY_UISupportedInterfaceOrientations_iPad = "UIInterfaceOrientationPortrait UIInterfaceOrientationPortraitUpsideDown UIInterfaceOrientationLandscapeLeft UIInterfaceOrientationLandscapeRight";
				INFOPLIST_KEY_UISupportedInterfaceOrientations_iPhone = "UIInterfaceOrientationPortrait UIInterfaceOrientationLandscapeLeft UIInterfaceOrientationLandscapeRight";
				IPHONEOS_DEPLOYMENT_TARGET = 13.0;
				LD_RUNPATH_SEARCH_PATHS = (
					"$(inherited)",
					"@executable_path/Frameworks",
				);
				MARKETING_VERSION = 1.0;
				PRODUCT_BUNDLE_IDENTIFIER = com.genzhang.TMDBRxMVVM;
				PRODUCT_NAME = "$(TARGET_NAME)";
				SWIFT_EMIT_LOC_STRINGS = YES;
				SWIFT_VERSION = 5.0;
				TARGETED_DEVICE_FAMILY = "1,2";
			};
			name = Debug;
		};
		3D79EC612C2EC0D100CEA938 /* Release */ = {
			isa = XCBuildConfiguration;
			baseConfigurationReference = 36BB86279EF6FEA2B4C0725F /* Pods-TMDBRxMVVM.release.xcconfig */;
			buildSettings = {
				ASSETCATALOG_COMPILER_APPICON_NAME = AppIcon;
				ASSETCATALOG_COMPILER_GLOBAL_ACCENT_COLOR_NAME = AccentColor;
				CODE_SIGN_STYLE = Automatic;
				CURRENT_PROJECT_VERSION = 1;
				DEVELOPMENT_TEAM = Q8H2R68RPW;
				ENABLE_USER_SCRIPT_SANDBOXING = NO;
				EXCLUDED_ARCHS = "";
				GENERATE_INFOPLIST_FILE = YES;
				INFOPLIST_FILE = TMDBRxMVVM/Resource/Info.plist;
				INFOPLIST_KEY_UIApplicationSupportsIndirectInputEvents = YES;
				INFOPLIST_KEY_UILaunchStoryboardName = LaunchScreen;
				INFOPLIST_KEY_UISupportedInterfaceOrientations_iPad = "UIInterfaceOrientationPortrait UIInterfaceOrientationPortraitUpsideDown UIInterfaceOrientationLandscapeLeft UIInterfaceOrientationLandscapeRight";
				INFOPLIST_KEY_UISupportedInterfaceOrientations_iPhone = "UIInterfaceOrientationPortrait UIInterfaceOrientationLandscapeLeft UIInterfaceOrientationLandscapeRight";
				IPHONEOS_DEPLOYMENT_TARGET = 13.0;
				LD_RUNPATH_SEARCH_PATHS = (
					"$(inherited)",
					"@executable_path/Frameworks",
				);
				MARKETING_VERSION = 1.0;
				PRODUCT_BUNDLE_IDENTIFIER = com.genzhang.TMDBRxMVVM;
				PRODUCT_NAME = "$(TARGET_NAME)";
				SWIFT_EMIT_LOC_STRINGS = YES;
				SWIFT_VERSION = 5.0;
				TARGETED_DEVICE_FAMILY = "1,2";
			};
			name = Release;
		};
		3D79EC632C2EC0D100CEA938 /* Debug */ = {
			isa = XCBuildConfiguration;
			baseConfigurationReference = 27A91E9F81072BA56D6A4F95 /* Pods-TMDBRxMVVMTests.debug.xcconfig */;
			buildSettings = {
				ALWAYS_EMBED_SWIFT_STANDARD_LIBRARIES = YES;
				BUNDLE_LOADER = "$(TEST_HOST)";
				CODE_SIGN_STYLE = Automatic;
				CURRENT_PROJECT_VERSION = 1;
				DEVELOPMENT_TEAM = Q8H2R68RPW;
				GENERATE_INFOPLIST_FILE = YES;
				IPHONEOS_DEPLOYMENT_TARGET = 17.5;
				MARKETING_VERSION = 1.0;
				PRODUCT_BUNDLE_IDENTIFIER = com.genzhang.TMDBRxMVVMTests;
				PRODUCT_NAME = "$(TARGET_NAME)";
				SWIFT_EMIT_LOC_STRINGS = NO;
				SWIFT_VERSION = 5.0;
				TARGETED_DEVICE_FAMILY = "1,2";
				TEST_HOST = "$(BUILT_PRODUCTS_DIR)/TMDBRxMVVM.app/$(BUNDLE_EXECUTABLE_FOLDER_PATH)/TMDBRxMVVM";
			};
			name = Debug;
		};
		3D79EC642C2EC0D100CEA938 /* Release */ = {
			isa = XCBuildConfiguration;
			baseConfigurationReference = 00869FEE3B19296552330BE6 /* Pods-TMDBRxMVVMTests.release.xcconfig */;
			buildSettings = {
				ALWAYS_EMBED_SWIFT_STANDARD_LIBRARIES = YES;
				BUNDLE_LOADER = "$(TEST_HOST)";
				CODE_SIGN_STYLE = Automatic;
				CURRENT_PROJECT_VERSION = 1;
				DEVELOPMENT_TEAM = Q8H2R68RPW;
				GENERATE_INFOPLIST_FILE = YES;
				IPHONEOS_DEPLOYMENT_TARGET = 17.5;
				MARKETING_VERSION = 1.0;
				PRODUCT_BUNDLE_IDENTIFIER = com.genzhang.TMDBRxMVVMTests;
				PRODUCT_NAME = "$(TARGET_NAME)";
				SWIFT_EMIT_LOC_STRINGS = NO;
				SWIFT_VERSION = 5.0;
				TARGETED_DEVICE_FAMILY = "1,2";
				TEST_HOST = "$(BUILT_PRODUCTS_DIR)/TMDBRxMVVM.app/$(BUNDLE_EXECUTABLE_FOLDER_PATH)/TMDBRxMVVM";
			};
			name = Release;
		};
		3D79EC662C2EC0D100CEA938 /* Debug */ = {
			isa = XCBuildConfiguration;
			baseConfigurationReference = F8E1249C10CB0CA9A1BAF617 /* Pods-TMDBRxMVVM-TMDBRxMVVMUITests.debug.xcconfig */;
			buildSettings = {
				ALWAYS_EMBED_SWIFT_STANDARD_LIBRARIES = YES;
				CODE_SIGN_STYLE = Automatic;
				CURRENT_PROJECT_VERSION = 1;
				DEVELOPMENT_TEAM = Q8H2R68RPW;
				GENERATE_INFOPLIST_FILE = YES;
				MARKETING_VERSION = 1.0;
				PRODUCT_BUNDLE_IDENTIFIER = com.genzhang.TMDBRxMVVMUITests;
				PRODUCT_NAME = "$(TARGET_NAME)";
				SWIFT_EMIT_LOC_STRINGS = NO;
				SWIFT_VERSION = 5.0;
				TARGETED_DEVICE_FAMILY = "1,2";
				TEST_TARGET_NAME = TMDBRxMVVM;
			};
			name = Debug;
		};
		3D79EC672C2EC0D100CEA938 /* Release */ = {
			isa = XCBuildConfiguration;
			baseConfigurationReference = 9569F0284D4D8EBC8B4447E5 /* Pods-TMDBRxMVVM-TMDBRxMVVMUITests.release.xcconfig */;
			buildSettings = {
				ALWAYS_EMBED_SWIFT_STANDARD_LIBRARIES = YES;
				CODE_SIGN_STYLE = Automatic;
				CURRENT_PROJECT_VERSION = 1;
				DEVELOPMENT_TEAM = Q8H2R68RPW;
				GENERATE_INFOPLIST_FILE = YES;
				MARKETING_VERSION = 1.0;
				PRODUCT_BUNDLE_IDENTIFIER = com.genzhang.TMDBRxMVVMUITests;
				PRODUCT_NAME = "$(TARGET_NAME)";
				SWIFT_EMIT_LOC_STRINGS = NO;
				SWIFT_VERSION = 5.0;
				TARGETED_DEVICE_FAMILY = "1,2";
				TEST_TARGET_NAME = TMDBRxMVVM;
			};
			name = Release;
		};
/* End XCBuildConfiguration section */

/* Begin XCConfigurationList section */
		3D79EC302C2EC0CF00CEA938 /* Build configuration list for PBXProject "TMDBRxMVVM" */ = {
			isa = XCConfigurationList;
			buildConfigurations = (
				3D79EC5D2C2EC0D100CEA938 /* Debug */,
				3D79EC5E2C2EC0D100CEA938 /* Release */,
			);
			defaultConfigurationIsVisible = 0;
			defaultConfigurationName = Release;
		};
		3D79EC5F2C2EC0D100CEA938 /* Build configuration list for PBXNativeTarget "TMDBRxMVVM" */ = {
			isa = XCConfigurationList;
			buildConfigurations = (
				3D79EC602C2EC0D100CEA938 /* Debug */,
				3D79EC612C2EC0D100CEA938 /* Release */,
			);
			defaultConfigurationIsVisible = 0;
			defaultConfigurationName = Release;
		};
		3D79EC622C2EC0D100CEA938 /* Build configuration list for PBXNativeTarget "TMDBRxMVVMTests" */ = {
			isa = XCConfigurationList;
			buildConfigurations = (
				3D79EC632C2EC0D100CEA938 /* Debug */,
				3D79EC642C2EC0D100CEA938 /* Release */,
			);
			defaultConfigurationIsVisible = 0;
			defaultConfigurationName = Release;
		};
		3D79EC652C2EC0D100CEA938 /* Build configuration list for PBXNativeTarget "TMDBRxMVVMUITests" */ = {
			isa = XCConfigurationList;
			buildConfigurations = (
				3D79EC662C2EC0D100CEA938 /* Debug */,
				3D79EC672C2EC0D100CEA938 /* Release */,
			);
			defaultConfigurationIsVisible = 0;
			defaultConfigurationName = Release;
		};
/* End XCConfigurationList section */
	};
	rootObject = 3D79EC2D2C2EC0CF00CEA938 /* Project object */;
}
